
Microsoft Visual Studio Solution File, Format Version 12.00
# Visual Studio Version 17
VisualStudioVersion = 17.10.35013.160
MinimumVisualStudioVersion = 10.0.40219.1
Project("{FAE04EC0-301F-11D3-BF4B-00C04F79EFBC}") = "Balança_3.0", "Balança_3.0.csproj", "{180B5351-38B5-439E-B0F5-6A4D100F7214}"
EndProject
Global
	GlobalSection(SolutionConfigurationPlatforms) = preSolution
		Debug|Any CPU = Debug|Any CPU
		Release|Any CPU = Release|Any CPU
	EndGlobalSection
	GlobalSection(ProjectConfigurationPlatforms) = postSolution
		{180B5351-38B5-439E-B0F5-6A4D100F7214}.Debug|Any CPU.ActiveCfg = Debug|Any CPU
		{180B5351-38B5-439E-B0F5-6A4D100F7214}.Debug|Any CPU.Build.0 = Debug|Any CPU
		{180B5351-38B5-439E-B0F5-6A4D100F7214}.Release|Any CPU.ActiveCfg = Release|Any CPU
		{180B5351-38B5-439E-B0F5-6A4D100F7214}.Release|Any CPU.Build.0 = Release|Any CPU
	EndGlobalSection
	GlobalSection(SolutionProperties) = preSolution
		HideSolutionNode = FALSE
	EndGlobalSection
	GlobalSection(ExtensibilityGlobals) = postSolution
		SolutionGuid = {7B8CBBF6-22C8-4776-A827-643E82813C5A}
	EndGlobalSection
EndGlobal
